
Microsoft Visual Studio Solution File, Format Version 12.00
# Visual Studio Version 16
VisualStudioVersion = 16.0.32106.194
MinimumVisualStudioVersion = 10.0.40219.1
Project("{2150E333-8FDC-42A3-9474-1A3956D46DE8}") = "src", "src", "{B627109D-3156-40DA-8108-0EC22E54CBD9}"
EndProject
Project("{2150E333-8FDC-42A3-9474-1A3956D46DE8}") = "tests", "tests", "{590C6ADB-62C6-40C0-AE57-679F2C90A2D0}"
EndProject
Project("{2150E333-8FDC-42A3-9474-1A3956D46DE8}") = "API", "API", "{B45D219A-6C15-4577-B0D8-94BBA5070653}"
EndProject
Project("{2150E333-8FDC-42A3-9474-1A3956D46DE8}") = "Core", "Core", "{D1FA6E52-CCF0-499A-B29E-48B099494847}"
EndProject
Project("{2150E333-8FDC-42A3-9474-1A3956D46DE8}") = "Infrastructure", "Infrastructure", "{71CA58C8-FA0E-4A8D-905F-C3B0E18692F6}"
EndProject
Project("{2150E333-8FDC-42A3-9474-1A3956D46DE8}") = "UI", "UI", "{B02E8CED-6D1A-4E75-BC42-20C2106D6417}"
EndProject
Project("{9A19103F-16F7-4668-BE54-9A1E7A4F7556}") = "CharityCalculator.Domain", "CharitiyCalculator.Domain\CharityCalculator.Domain.csproj", "{ED0AAEE3-C5FE-496C-988C-F3E6EF593C98}"
EndProject
Project("{9A19103F-16F7-4668-BE54-9A1E7A4F7556}") = "CharityCalculator.Domain.Tests", "CharityCalculator.Domain.Tests\CharityCalculator.Domain.Tests.csproj", "{0EEE5DFC-6F78-4F3E-8440-F808B050F71A}"
EndProject
Project("{9A19103F-16F7-4668-BE54-9A1E7A4F7556}") = "CharityCalculator.Application", "CharitiyCalculator.Application\CharityCalculator.Application.csproj", "{19E7F683-F3DE-437E-93D2-8AB7D359D83A}"
EndProject
Project("{9A19103F-16F7-4668-BE54-9A1E7A4F7556}") = "CharityCalculator.Infrastructure", "CharityCalculator.Infrastructure\CharityCalculator.Infrastructure.csproj", "{2714EF96-822E-4059-BBB8-172EE4860B07}"
EndProject
Project("{9A19103F-16F7-4668-BE54-9A1E7A4F7556}") = "CharityCalculator.Persistence", "CharityCalculator.Persistence\CharityCalculator.Persistence.csproj", "{0660976B-2AB1-40B6-9A4F-AFB80487CBC1}"
EndProject
Project("{9A19103F-16F7-4668-BE54-9A1E7A4F7556}") = "CharityCalculator.Api", "CharityCalculator.Api\CharityCalculator.Api.csproj", "{E6E89794-706F-45D5-9835-D40D3E6EE75D}"
EndProject
Project("{9A19103F-16F7-4668-BE54-9A1E7A4F7556}") = "CharityCalculator.Application.Tests", "CharityCalculator.Application.Tests\CharityCalculator.Application.Tests.csproj", "{C33B993F-44D8-4494-BF3C-A2527D818F33}"
EndProject
Project("{9A19103F-16F7-4668-BE54-9A1E7A4F7556}") = "CharityCalculator.UI", "CharityCalculator.UI\CharityCalculator.UI.csproj", "{CE7E41CA-F4C9-4FAD-B57C-141018E9DB8A}"
EndProject
Project("{FAE04EC0-301F-11D3-BF4B-00C04F79EFBC}") = "CharityCalculator.Identity", "CharityCalculator.Identity\CharityCalculator.Identity.csproj", "{930098C2-B5D2-46F1-A0AE-22EC7EB7BE05}"
EndProject
Global
	GlobalSection(SolutionConfigurationPlatforms) = preSolution
		Debug|Any CPU = Debug|Any CPU
		Release|Any CPU = Release|Any CPU
	EndGlobalSection
	GlobalSection(ProjectConfigurationPlatforms) = postSolution
		{ED0AAEE3-C5FE-496C-988C-F3E6EF593C98}.Debug|Any CPU.ActiveCfg = Debug|Any CPU
		{ED0AAEE3-C5FE-496C-988C-F3E6EF593C98}.Debug|Any CPU.Build.0 = Debug|Any CPU
		{ED0AAEE3-C5FE-496C-988C-F3E6EF593C98}.Release|Any CPU.ActiveCfg = Release|Any CPU
		{ED0AAEE3-C5FE-496C-988C-F3E6EF593C98}.Release|Any CPU.Build.0 = Release|Any CPU
		{0EEE5DFC-6F78-4F3E-8440-F808B050F71A}.Debug|Any CPU.ActiveCfg = Debug|Any CPU
		{0EEE5DFC-6F78-4F3E-8440-F808B050F71A}.Debug|Any CPU.Build.0 = Debug|Any CPU
		{0EEE5DFC-6F78-4F3E-8440-F808B050F71A}.Release|Any CPU.ActiveCfg = Release|Any CPU
		{0EEE5DFC-6F78-4F3E-8440-F808B050F71A}.Release|Any CPU.Build.0 = Release|Any CPU
		{19E7F683-F3DE-437E-93D2-8AB7D359D83A}.Debug|Any CPU.ActiveCfg = Debug|Any CPU
		{19E7F683-F3DE-437E-93D2-8AB7D359D83A}.Debug|Any CPU.Build.0 = Debug|Any CPU
		{19E7F683-F3DE-437E-93D2-8AB7D359D83A}.Release|Any CPU.ActiveCfg = Release|Any CPU
		{19E7F683-F3DE-437E-93D2-8AB7D359D83A}.Release|Any CPU.Build.0 = Release|Any CPU
		{2714EF96-822E-4059-BBB8-172EE4860B07}.Debug|Any CPU.ActiveCfg = Debug|Any CPU
		{2714EF96-822E-4059-BBB8-172EE4860B07}.Debug|Any CPU.Build.0 = Debug|Any CPU
		{2714EF96-822E-4059-BBB8-172EE4860B07}.Release|Any CPU.ActiveCfg = Release|Any CPU
		{2714EF96-822E-4059-BBB8-172EE4860B07}.Release|Any CPU.Build.0 = Release|Any CPU
		{0660976B-2AB1-40B6-9A4F-AFB80487CBC1}.Debug|Any CPU.ActiveCfg = Debug|Any CPU
		{0660976B-2AB1-40B6-9A4F-AFB80487CBC1}.Debug|Any CPU.Build.0 = Debug|Any CPU
		{0660976B-2AB1-40B6-9A4F-AFB80487CBC1}.Release|Any CPU.ActiveCfg = Release|Any CPU
		{0660976B-2AB1-40B6-9A4F-AFB80487CBC1}.Release|Any CPU.Build.0 = Release|Any CPU
		{E6E89794-706F-45D5-9835-D40D3E6EE75D}.Debug|Any CPU.ActiveCfg = Debug|Any CPU
		{E6E89794-706F-45D5-9835-D40D3E6EE75D}.Debug|Any CPU.Build.0 = Debug|Any CPU
		{E6E89794-706F-45D5-9835-D40D3E6EE75D}.Release|Any CPU.ActiveCfg = Release|Any CPU
		{E6E89794-706F-45D5-9835-D40D3E6EE75D}.Release|Any CPU.Build.0 = Release|Any CPU
		{C33B993F-44D8-4494-BF3C-A2527D818F33}.Debug|Any CPU.ActiveCfg = Debug|Any CPU
		{C33B993F-44D8-4494-BF3C-A2527D818F33}.Debug|Any CPU.Build.0 = Debug|Any CPU
		{C33B993F-44D8-4494-BF3C-A2527D818F33}.Release|Any CPU.ActiveCfg = Release|Any CPU
		{C33B993F-44D8-4494-BF3C-A2527D818F33}.Release|Any CPU.Build.0 = Release|Any CPU
		{CE7E41CA-F4C9-4FAD-B57C-141018E9DB8A}.Debug|Any CPU.ActiveCfg = Debug|Any CPU
		{CE7E41CA-F4C9-4FAD-B57C-141018E9DB8A}.Debug|Any CPU.Build.0 = Debug|Any CPU
		{CE7E41CA-F4C9-4FAD-B57C-141018E9DB8A}.Release|Any CPU.ActiveCfg = Release|Any CPU
		{CE7E41CA-F4C9-4FAD-B57C-141018E9DB8A}.Release|Any CPU.Build.0 = Release|Any CPU
		{930098C2-B5D2-46F1-A0AE-22EC7EB7BE05}.Debug|Any CPU.ActiveCfg = Debug|Any CPU
		{930098C2-B5D2-46F1-A0AE-22EC7EB7BE05}.Debug|Any CPU.Build.0 = Debug|Any CPU
		{930098C2-B5D2-46F1-A0AE-22EC7EB7BE05}.Release|Any CPU.ActiveCfg = Release|Any CPU
		{930098C2-B5D2-46F1-A0AE-22EC7EB7BE05}.Release|Any CPU.Build.0 = Release|Any CPU
	EndGlobalSection
	GlobalSection(SolutionProperties) = preSolution
		HideSolutionNode = FALSE
	EndGlobalSection
	GlobalSection(NestedProjects) = preSolution
		{B45D219A-6C15-4577-B0D8-94BBA5070653} = {B627109D-3156-40DA-8108-0EC22E54CBD9}
		{D1FA6E52-CCF0-499A-B29E-48B099494847} = {B627109D-3156-40DA-8108-0EC22E54CBD9}
		{71CA58C8-FA0E-4A8D-905F-C3B0E18692F6} = {B627109D-3156-40DA-8108-0EC22E54CBD9}
		{B02E8CED-6D1A-4E75-BC42-20C2106D6417} = {B627109D-3156-40DA-8108-0EC22E54CBD9}
		{ED0AAEE3-C5FE-496C-988C-F3E6EF593C98} = {D1FA6E52-CCF0-499A-B29E-48B099494847}
		{0EEE5DFC-6F78-4F3E-8440-F808B050F71A} = {590C6ADB-62C6-40C0-AE57-679F2C90A2D0}
		{19E7F683-F3DE-437E-93D2-8AB7D359D83A} = {D1FA6E52-CCF0-499A-B29E-48B099494847}
		{2714EF96-822E-4059-BBB8-172EE4860B07} = {71CA58C8-FA0E-4A8D-905F-C3B0E18692F6}
		{0660976B-2AB1-40B6-9A4F-AFB80487CBC1} = {71CA58C8-FA0E-4A8D-905F-C3B0E18692F6}
		{E6E89794-706F-45D5-9835-D40D3E6EE75D} = {B45D219A-6C15-4577-B0D8-94BBA5070653}
		{C33B993F-44D8-4494-BF3C-A2527D818F33} = {590C6ADB-62C6-40C0-AE57-679F2C90A2D0}
		{CE7E41CA-F4C9-4FAD-B57C-141018E9DB8A} = {B02E8CED-6D1A-4E75-BC42-20C2106D6417}
		{930098C2-B5D2-46F1-A0AE-22EC7EB7BE05} = {71CA58C8-FA0E-4A8D-905F-C3B0E18692F6}
	EndGlobalSection
	GlobalSection(ExtensibilityGlobals) = postSolution
		SolutionGuid = {123D7994-2083-476F-AA9A-AD0C3BE81F4E}
	EndGlobalSection
EndGlobal
